
Microsoft Visual Studio Solution File, Format Version 12.00
# Visual Studio 14
VisualStudioVersion = 14.0.24720.0
MinimumVisualStudioVersion = 10.0.40219.1
Project("{FAE04EC0-301F-11D3-BF4B-00C04F79EFBC}") = "GeneticProgramming", "GeneticProgramming\GeneticProgramming.csproj", "{0F6BC7B6-BB4D-43D9-B874-E045D7815E70}"
EndProject
Project("{FAE04EC0-301F-11D3-BF4B-00C04F79EFBC}") = "Tests", "Tests\Tests.csproj", "{3A136BFC-9D11-403A-A1A9-AF152B8812BE}"
EndProject
Project("{FAE04EC0-301F-11D3-BF4B-00C04F79EFBC}") = "BattleVisualiser", "BattleVisualiser\BattleVisualiser.csproj", "{72F75B12-84E0-4FAD-9F18-531E41E379E7}"
EndProject
Global
	GlobalSection(SolutionConfigurationPlatforms) = preSolution
		Debug|Any CPU = Debug|Any CPU
		Debug|x86 = Debug|x86
		Release|Any CPU = Release|Any CPU
		Release|x86 = Release|x86
	EndGlobalSection
	GlobalSection(ProjectConfigurationPlatforms) = postSolution
		{0F6BC7B6-BB4D-43D9-B874-E045D7815E70}.Debug|Any CPU.ActiveCfg = Debug|Any CPU
		{0F6BC7B6-BB4D-43D9-B874-E045D7815E70}.Debug|Any CPU.Build.0 = Debug|Any CPU
		{0F6BC7B6-BB4D-43D9-B874-E045D7815E70}.Debug|x86.ActiveCfg = Debug|Any CPU
		{0F6BC7B6-BB4D-43D9-B874-E045D7815E70}.Debug|x86.Build.0 = Debug|Any CPU
		{0F6BC7B6-BB4D-43D9-B874-E045D7815E70}.Release|Any CPU.ActiveCfg = Release|Any CPU
		{0F6BC7B6-BB4D-43D9-B874-E045D7815E70}.Release|Any CPU.Build.0 = Release|Any CPU
		{0F6BC7B6-BB4D-43D9-B874-E045D7815E70}.Release|x86.ActiveCfg = Release|Any CPU
		{0F6BC7B6-BB4D-43D9-B874-E045D7815E70}.Release|x86.Build.0 = Release|Any CPU
		{3A136BFC-9D11-403A-A1A9-AF152B8812BE}.Debug|Any CPU.ActiveCfg = Debug|Any CPU
		{3A136BFC-9D11-403A-A1A9-AF152B8812BE}.Debug|Any CPU.Build.0 = Debug|Any CPU
		{3A136BFC-9D11-403A-A1A9-AF152B8812BE}.Debug|x86.ActiveCfg = Debug|Any CPU
		{3A136BFC-9D11-403A-A1A9-AF152B8812BE}.Debug|x86.Build.0 = Debug|Any CPU
		{3A136BFC-9D11-403A-A1A9-AF152B8812BE}.Release|Any CPU.ActiveCfg = Release|Any CPU
		{3A136BFC-9D11-403A-A1A9-AF152B8812BE}.Release|Any CPU.Build.0 = Release|Any CPU
		{3A136BFC-9D11-403A-A1A9-AF152B8812BE}.Release|x86.ActiveCfg = Release|Any CPU
		{3A136BFC-9D11-403A-A1A9-AF152B8812BE}.Release|x86.Build.0 = Release|Any CPU
		{72F75B12-84E0-4FAD-9F18-531E41E379E7}.Debug|Any CPU.ActiveCfg = Debug|x86
		{72F75B12-84E0-4FAD-9F18-531E41E379E7}.Debug|x86.ActiveCfg = Debug|x86
		{72F75B12-84E0-4FAD-9F18-531E41E379E7}.Debug|x86.Build.0 = Debug|x86
		{72F75B12-84E0-4FAD-9F18-531E41E379E7}.Release|Any CPU.ActiveCfg = Release|x86
		{72F75B12-84E0-4FAD-9F18-531E41E379E7}.Release|x86.ActiveCfg = Release|x86
		{72F75B12-84E0-4FAD-9F18-531E41E379E7}.Release|x86.Build.0 = Release|x86
	EndGlobalSection
	GlobalSection(SolutionProperties) = preSolution
		HideSolutionNode = FALSE
	EndGlobalSection
EndGlobal
